// !$*UTF8*$!
{
	archiveVersion = 1;
	classes = {
	};
	objectVersion = 56;
	objects = {

/* Begin PBXBuildFile section */
		F5DFB1082AD5B3D5003D8AFC /* MyContactsApp.swift in Sources */ = {isa = PBXBuildFile; fileRef = F5DFB1072AD5B3D5003D8AFC /* MyContactsApp.swift */; };
		F5DFB10A2AD5B3D5003D8AFC /* ContentView.swift in Sources */ = {isa = PBXBuildFile; fileRef = F5DFB1092AD5B3D5003D8AFC /* ContentView.swift */; };
		F5DFB10C2AD5B3D7003D8AFC /* Assets.xcassets in Resources */ = {isa = PBXBuildFile; fileRef = F5DFB10B2AD5B3D7003D8AFC /* Assets.xcassets */; };
		F5DFB10F2AD5B3D7003D8AFC /* Preview Assets.xcassets in Resources */ = {isa = PBXBuildFile; fileRef = F5DFB10E2AD5B3D7003D8AFC /* Preview Assets.xcassets */; };
		F5DFB1172AD5B742003D8AFC /* MyContactsDataModel.xcdatamodeld in Sources */ = {isa = PBXBuildFile; fileRef = F5DFB1152AD5B742003D8AFC /* MyContactsDataModel.xcdatamodeld */; };
		F5DFB1192AD5BE38003D8AFC /* Contact .swift in Sources */ = {isa = PBXBuildFile; fileRef = F5DFB1182AD5BE37003D8AFC /* Contact .swift */; };
		F5DFB11C2AD5BF7F003D8AFC /* ContactsProvider.swift in Sources */ = {isa = PBXBuildFile; fileRef = F5DFB11B2AD5BF7F003D8AFC /* ContactsProvider.swift */; };
		F5DFB11E2AD5C2B9003D8AFC /* ContactRowView.swift in Sources */ = {isa = PBXBuildFile; fileRef = F5DFB11D2AD5C2B9003D8AFC /* ContactRowView.swift */; };
		F5DFB1202AD5C44A003D8AFC /* ContactDetailView.swift in Sources */ = {isa = PBXBuildFile; fileRef = F5DFB11F2AD5C44A003D8AFC /* ContactDetailView.swift */; };
		F5DFB1222AD5C748003D8AFC /* AddContactView.swift in Sources */ = {isa = PBXBuildFile; fileRef = F5DFB1212AD5C748003D8AFC /* AddContactView.swift */; };
		F5DFB1272AD5D179003D8AFC /* EditContactViewModel.swift in Sources */ = {isa = PBXBuildFile; fileRef = F5DFB1262AD5D179003D8AFC /* EditContactViewModel.swift */; };
/* End PBXBuildFile section */

/* Begin PBXFileReference section */
		F5DFB1042AD5B3D5003D8AFC /* MyContacts.app */ = {isa = PBXFileReference; explicitFileType = wrapper.application; includeInIndex = 0; path = MyContacts.app; sourceTree = BUILT_PRODUCTS_DIR; };
		F5DFB1072AD5B3D5003D8AFC /* MyContactsApp.swift */ = {isa = PBXFileReference; lastKnownFileType = sourcecode.swift; path = MyContactsApp.swift; sourceTree = "<group>"; };
		F5DFB1092AD5B3D5003D8AFC /* ContentView.swift */ = {isa = PBXFileReference; lastKnownFileType = sourcecode.swift; path = ContentView.swift; sourceTree = "<group>"; };
		F5DFB10B2AD5B3D7003D8AFC /* Assets.xcassets */ = {isa = PBXFileReference; lastKnownFileType = folder.assetcatalog; path = Assets.xcassets; sourceTree = "<group>"; };
		F5DFB10E2AD5B3D7003D8AFC /* Preview Assets.xcassets */ = {isa = PBXFileReference; lastKnownFileType = folder.assetcatalog; path = "Preview Assets.xcassets"; sourceTree = "<group>"; };
		F5DFB1162AD5B742003D8AFC /* MyContactsDataModel.xcdatamodel */ = {isa = PBXFileReference; lastKnownFileType = wrapper.xcdatamodel; path = MyContactsDataModel.xcdatamodel; sourceTree = "<group>"; };
		F5DFB1182AD5BE37003D8AFC /* Contact .swift */ = {isa = PBXFileReference; lastKnownFileType = sourcecode.swift; path = "Contact .swift"; sourceTree = "<group>"; };
		F5DFB11B2AD5BF7F003D8AFC /* ContactsProvider.swift */ = {isa = PBXFileReference; lastKnownFileType = sourcecode.swift; path = ContactsProvider.swift; sourceTree = "<group>"; };
		F5DFB11D2AD5C2B9003D8AFC /* ContactRowView.swift */ = {isa = PBXFileReference; lastKnownFileType = sourcecode.swift; path = ContactRowView.swift; sourceTree = "<group>"; };
		F5DFB11F2AD5C44A003D8AFC /* ContactDetailView.swift */ = {isa = PBXFileReference; lastKnownFileType = sourcecode.swift; path = ContactDetailView.swift; sourceTree = "<group>"; };
		F5DFB1212AD5C748003D8AFC /* AddContactView.swift */ = {isa = PBXFileReference; lastKnownFileType = sourcecode.swift; path = AddContactView.swift; sourceTree = "<group>"; };
		F5DFB1262AD5D179003D8AFC /* EditContactViewModel.swift */ = {isa = PBXFileReference; lastKnownFileType = sourcecode.swift; path = EditContactViewModel.swift; sourceTree = "<group>"; };
/* End PBXFileReference section */

/* Begin PBXFrameworksBuildPhase section */
		F5DFB1012AD5B3D5003D8AFC /* Frameworks */ = {
			isa = PBXFrameworksBuildPhase;
			buildActionMask = 2147483647;
			files = (
			);
			runOnlyForDeploymentPostprocessing = 0;
		};
/* End PBXFrameworksBuildPhase section */

/* Begin PBXGroup section */
		F5DFB0FB2AD5B3D5003D8AFC = {
			isa = PBXGroup;
			children = (
				F5DFB1062AD5B3D5003D8AFC /* MyContacts */,
				F5DFB1052AD5B3D5003D8AFC /* Products */,
			);
			sourceTree = "<group>";
		};
		F5DFB1052AD5B3D5003D8AFC /* Products */ = {
			isa = PBXGroup;
			children = (
				F5DFB1042AD5B3D5003D8AFC /* MyContacts.app */,
			);
			name = Products;
			sourceTree = "<group>";
		};
		F5DFB1062AD5B3D5003D8AFC /* MyContacts */ = {
			isa = PBXGroup;
			children = (
				F5DFB11A2AD5BF5D003D8AFC /* Provider */,
				F5DFB1232AD5D0E4003D8AFC /* Add  */,
				F5DFB1072AD5B3D5003D8AFC /* MyContactsApp.swift */,
				F5DFB11D2AD5C2B9003D8AFC /* ContactRowView.swift */,
				F5DFB1092AD5B3D5003D8AFC /* ContentView.swift */,
				F5DFB11F2AD5C44A003D8AFC /* ContactDetailView.swift */,
				F5DFB1152AD5B742003D8AFC /* MyContactsDataModel.xcdatamodeld */,
				F5DFB1182AD5BE37003D8AFC /* Contact .swift */,
				F5DFB10B2AD5B3D7003D8AFC /* Assets.xcassets */,
				F5DFB10D2AD5B3D7003D8AFC /* Preview Content */,
			);
			path = MyContacts;
			sourceTree = "<group>";
		};
		F5DFB10D2AD5B3D7003D8AFC /* Preview Content */ = {
			isa = PBXGroup;
			children = (
				F5DFB10E2AD5B3D7003D8AFC /* Preview Assets.xcassets */,
			);
			path = "Preview Content";
			sourceTree = "<group>";
		};
		F5DFB11A2AD5BF5D003D8AFC /* Provider */ = {
			isa = PBXGroup;
			children = (
				F5DFB11B2AD5BF7F003D8AFC /* ContactsProvider.swift */,
			);
			path = Provider;
			sourceTree = "<group>";
		};
		F5DFB1232AD5D0E4003D8AFC /* Add  */ = {
			isa = PBXGroup;
			children = (
				F5DFB1212AD5C748003D8AFC /* AddContactView.swift */,
				F5DFB1262AD5D179003D8AFC /* EditContactViewModel.swift */,
			);
			path = "Add ";
			sourceTree = "<group>";
		};
/* End PBXGroup section */

/* Begin PBXNativeTarget section */
		F5DFB1032AD5B3D5003D8AFC /* MyContacts */ = {
			isa = PBXNativeTarget;
			buildConfigurationList = F5DFB1122AD5B3D7003D8AFC /* Build configuration list for PBXNativeTarget "MyContacts" */;
			buildPhases = (
				F5DFB1002AD5B3D5003D8AFC /* Sources */,
				F5DFB1012AD5B3D5003D8AFC /* Frameworks */,
				F5DFB1022AD5B3D5003D8AFC /* Resources */,
			);
			buildRules = (
			);
			dependencies = (
			);
			name = MyContacts;
			productName = MyContacts;
			productReference = F5DFB1042AD5B3D5003D8AFC /* MyContacts.app */;
			productType = "com.apple.product-type.application";
		};
/* End PBXNativeTarget section */

/* Begin PBXProject section */
		F5DFB0FC2AD5B3D5003D8AFC /* Project object */ = {
			isa = PBXProject;
			attributes = {
				BuildIndependentTargetsInParallel = 1;
				LastSwiftUpdateCheck = 1430;
				LastUpgradeCheck = 1430;
				TargetAttributes = {
					F5DFB1032AD5B3D5003D8AFC = {
						CreatedOnToolsVersion = 14.3.1;
					};
				};
			};
			buildConfigurationList = F5DFB0FF2AD5B3D5003D8AFC /* Build configuration list for PBXProject "MyContacts" */;
			compatibilityVersion = "Xcode 14.0";
			developmentRegion = en;
			hasScannedForEncodings = 0;
			knownRegions = (
				en,
				Base,
			);
			mainGroup = F5DFB0FB2AD5B3D5003D8AFC;
			productRefGroup = F5DFB1052AD5B3D5003D8AFC /* Products */;
			projectDirPath = "";
			projectRoot = "";
			targets = (
				F5DFB1032AD5B3D5003D8AFC /* MyContacts */,
			);
		};
/* End PBXProject section */

/* Begin PBXResourcesBuildPhase section */
		F5DFB1022AD5B3D5003D8AFC /* Resources */ = {
			isa = PBXResourcesBuildPhase;
			buildActionMask = 2147483647;
			files = (
				F5DFB10F2AD5B3D7003D8AFC /* Preview Assets.xcassets in Resources */,
				F5DFB10C2AD5B3D7003D8AFC /* Assets.xcassets in Resources */,
			);
			runOnlyForDeploymentPostprocessing = 0;
		};
/* End PBXResourcesBuildPhase section */

/* Begin PBXSourcesBuildPhase section */
		F5DFB1002AD5B3D5003D8AFC /* Sources */ = {
			isa = PBXSourcesBuildPhase;
			buildActionMask = 2147483647;
			files = (
				F5DFB10A2AD5B3D5003D8AFC /* ContentView.swift in Sources */,
				F5DFB11C2AD5BF7F003D8AFC /* ContactsProvider.swift in Sources */,
				F5DFB1202AD5C44A003D8AFC /* ContactDetailView.swift in Sources */,
				F5DFB1272AD5D179003D8AFC /* EditContactViewModel.swift in Sources */,
				F5DFB1192AD5BE38003D8AFC /* Contact .swift in Sources */,
				F5DFB1172AD5B742003D8AFC /* MyContactsDataModel.xcdatamodeld in Sources */,
				F5DFB11E2AD5C2B9003D8AFC /* ContactRowView.swift in Sources */,
				F5DFB1082AD5B3D5003D8AFC /* MyContactsApp.swift in Sources */,
				F5DFB1222AD5C748003D8AFC /* AddContactView.swift in Sources */,
			);
			runOnlyForDeploymentPostprocessing = 0;
		};
/* End PBXSourcesBuildPhase section */

/* Begin XCBuildConfiguration section */
		F5DFB1102AD5B3D7003D8AFC /* Debug */ = {
			isa = XCBuildConfiguration;
			buildSettings = {
				ALWAYS_SEARCH_USER_PATHS = NO;
				CLANG_ANALYZER_NONNULL = YES;
				CLANG_ANALYZER_NUMBER_OBJECT_CONVERSION = YES_AGGRESSIVE;
				CLANG_CXX_LANGUAGE_STANDARD = "gnu++20";
				CLANG_ENABLE_MODULES = YES;
				CLANG_ENABLE_OBJC_ARC = YES;
				CLANG_ENABLE_OBJC_WEAK = YES;
				CLANG_WARN_BLOCK_CAPTURE_AUTORELEASING = YES;
				CLANG_WARN_BOOL_CONVERSION = YES;
				CLANG_WARN_COMMA = YES;
				CLANG_WARN_CONSTANT_CONVERSION = YES;
				CLANG_WARN_DEPRECATED_OBJC_IMPLEMENTATIONS = YES;
				CLANG_WARN_DIRECT_OBJC_ISA_USAGE = YES_ERROR;
				CLANG_WARN_DOCUMENTATION_COMMENTS = YES;
				CLANG_WARN_EMPTY_BODY = YES;
				CLANG_WARN_ENUM_CONVERSION = YES;
				CLANG_WARN_INFINITE_RECURSION = YES;
				CLANG_WARN_INT_CONVERSION = YES;
				CLANG_WARN_NON_LITERAL_NULL_CONVERSION = YES;
				CLANG_WARN_OBJC_IMPLICIT_RETAIN_SELF = YES;
				CLANG_WARN_OBJC_LITERAL_CONVERSION = YES;
				CLANG_WARN_OBJC_ROOT_CLASS = YES_ERROR;
				CLANG_WARN_QUOTED_INCLUDE_IN_FRAMEWORK_HEADER = YES;
				CLANG_WARN_RANGE_LOOP_ANALYSIS = YES;
				CLANG_WARN_STRICT_PROTOTYPES = YES;
				CLANG_WARN_SUSPICIOUS_MOVE = YES;
				CLANG_WARN_UNGUARDED_AVAILABILITY = YES_AGGRESSIVE;
				CLANG_WARN_UNREACHABLE_CODE = YES;
				CLANG_WARN__DUPLICATE_METHOD_MATCH = YES;
				COPY_PHASE_STRIP = NO;
				DEBUG_INFORMATION_FORMAT = dwarf;
				ENABLE_STRICT_OBJC_MSGSEND = YES;
				ENABLE_TESTABILITY = YES;
				GCC_C_LANGUAGE_STANDARD = gnu11;
				GCC_DYNAMIC_NO_PIC = NO;
				GCC_NO_COMMON_BLOCKS = YES;
				GCC_OPTIMIZATION_LEVEL = 0;
				GCC_PREPROCESSOR_DEFINITIONS = (
					"DEBUG=1",
					"$(inherited)",
				);
				GCC_WARN_64_TO_32_BIT_CONVERSION = YES;
				GCC_WARN_ABOUT_RETURN_TYPE = YES_ERROR;
				GCC_WARN_UNDECLARED_SELECTOR = YES;
				GCC_WARN_UNINITIALIZED_AUTOS = YES_AGGRESSIVE;
				GCC_WARN_UNUSED_FUNCTION = YES;
				GCC_WARN_UNUSED_VARIABLE = YES;
				IPHONEOS_DEPLOYMENT_TARGET = 16.4;
				MTL_ENABLE_DEBUG_INFO = INCLUDE_SOURCE;
				MTL_FAST_MATH = YES;
				ONLY_ACTIVE_ARCH = YES;
				SDKROOT = iphoneos;
				SWIFT_ACTIVE_COMPILATION_CONDITIONS = DEBUG;
				SWIFT_OPTIMIZATION_LEVEL = "-Onone";
			};
			name = Debug;
		};
		F5DFB1112AD5B3D7003D8AFC /* Release */ = {
			isa = XCBuildConfiguration;
			buildSettings = {
				ALWAYS_SEARCH_USER_PATHS = NO;
				CLANG_ANALYZER_NONNULL = YES;
				CLANG_ANALYZER_NUMBER_OBJECT_CONVERSION = YES_AGGRESSIVE;
				CLANG_CXX_LANGUAGE_STANDARD = "gnu++20";
				CLANG_ENABLE_MODULES = YES;
				CLANG_ENABLE_OBJC_ARC = YES;
				CLANG_ENABLE_OBJC_WEAK = YES;
				CLANG_WARN_BLOCK_CAPTURE_AUTORELEASING = YES;
				CLANG_WARN_BOOL_CONVERSION = YES;
				CLANG_WARN_COMMA = YES;
				CLANG_WARN_CONSTANT_CONVERSION = YES;
				CLANG_WARN_DEPRECATED_OBJC_IMPLEMENTATIONS = YES;
				CLANG_WARN_DIRECT_OBJC_ISA_USAGE = YES_ERROR;
				CLANG_WARN_DOCUMENTATION_COMMENTS = YES;
				CLANG_WARN_EMPTY_BODY = YES;
				CLANG_WARN_ENUM_CONVERSION = YES;
				CLANG_WARN_INFINITE_RECURSION = YES;
				CLANG_WARN_INT_CONVERSION = YES;
				CLANG_WARN_NON_LITERAL_NULL_CONVERSION = YES;
				CLANG_WARN_OBJC_IMPLICIT_RETAIN_SELF = YES;
				CLANG_WARN_OBJC_LITERAL_CONVERSION = YES;
				CLANG_WARN_OBJC_ROOT_CLASS = YES_ERROR;
				CLANG_WARN_QUOTED_INCLUDE_IN_FRAMEWORK_HEADER = YES;
				CLANG_WARN_RANGE_LOOP_ANALYSIS = YES;
				CLANG_WARN_STRICT_PROTOTYPES = YES;
				CLANG_WARN_SUSPICIOUS_MOVE = YES;
				CLANG_WARN_UNGUARDED_AVAILABILITY = YES_AGGRESSIVE;
				CLANG_WARN_UNREACHABLE_CODE = YES;
				CLANG_WARN__DUPLICATE_METHOD_MATCH = YES;
				COPY_PHASE_STRIP = NO;
				DEBUG_INFORMATION_FORMAT = "dwarf-with-dsym";
				ENABLE_NS_ASSERTIONS = NO;
				ENABLE_STRICT_OBJC_MSGSEND = YES;
				GCC_C_LANGUAGE_STANDARD = gnu11;
				GCC_NO_COMMON_BLOCKS = YES;
				GCC_WARN_64_TO_32_BIT_CONVERSION = YES;
				GCC_WARN_ABOUT_RETURN_TYPE = YES_ERROR;
				GCC_WARN_UNDECLARED_SELECTOR = YES;
				GCC_WARN_UNINITIALIZED_AUTOS = YES_AGGRESSIVE;
				GCC_WARN_UNUSED_FUNCTION = YES;
				GCC_WARN_UNUSED_VARIABLE = YES;
				IPHONEOS_DEPLOYMENT_TARGET = 16.4;
				MTL_ENABLE_DEBUG_INFO = NO;
				MTL_FAST_MATH = YES;
				SDKROOT = iphoneos;
				SWIFT_COMPILATION_MODE = wholemodule;
				SWIFT_OPTIMIZATION_LEVEL = "-O";
				VALIDATE_PRODUCT = YES;
			};
			name = Release;
		};
		F5DFB1132AD5B3D7003D8AFC /* Debug */ = {
			isa = XCBuildConfiguration;
			buildSettings = {
				ASSETCATALOG_COMPILER_APPICON_NAME = AppIcon;
				ASSETCATALOG_COMPILER_GLOBAL_ACCENT_COLOR_NAME = AccentColor;
				CODE_SIGN_STYLE = Automatic;
				CURRENT_PROJECT_VERSION = 1;
				DEVELOPMENT_ASSET_PATHS = "\"MyContacts/Preview Content\"";
				DEVELOPMENT_TEAM = 3DMFD3YYQW;
				ENABLE_PREVIEWS = YES;
				GENERATE_INFOPLIST_FILE = YES;
				INFOPLIST_KEY_UIApplicationSceneManifest_Generation = YES;
				INFOPLIST_KEY_UIApplicationSupportsIndirectInputEvents = YES;
				INFOPLIST_KEY_UILaunchScreen_Generation = YES;
				INFOPLIST_KEY_UISupportedInterfaceOrientations_iPad = "UIInterfaceOrientationPortrait UIInterfaceOrientationPortraitUpsideDown UIInterfaceOrientationLandscapeLeft UIInterfaceOrientationLandscapeRight";
				INFOPLIST_KEY_UISupportedInterfaceOrientations_iPhone = "UIInterfaceOrientationPortrait UIInterfaceOrientationLandscapeLeft UIInterfaceOrientationLandscapeRight";
				LD_RUNPATH_SEARCH_PATHS = (
					"$(inherited)",
					"@executable_path/Frameworks",
				);
				MARKETING_VERSION = 1.0;
				PRODUCT_BUNDLE_IDENTIFIER = com.benhuggins.MyContacts;
				PRODUCT_NAME = "$(TARGET_NAME)";
				SWIFT_EMIT_LOC_STRINGS = YES;
				SWIFT_VERSION = 5.0;
				TARGETED_DEVICE_FAMILY = "1,2";
			};
			name = Debug;
		};
		F5DFB1142AD5B3D7003D8AFC /* Release */ = {
			isa = XCBuildConfiguration;
			buildSettings = {
				ASSETCATALOG_COMPILER_APPICON_NAME = AppIcon;
				ASSETCATALOG_COMPILER_GLOBAL_ACCENT_COLOR_NAME = AccentColor;
				CODE_SIGN_STYLE = Automatic;
				CURRENT_PROJECT_VERSION = 1;
				DEVELOPMENT_ASSET_PATHS = "\"MyContacts/Preview Content\"";
				DEVELOPMENT_TEAM = 3DMFD3YYQW;
				ENABLE_PREVIEWS = YES;
				GENERATE_INFOPLIST_FILE = YES;
				INFOPLIST_KEY_UIApplicationSceneManifest_Generation = YES;
				INFOPLIST_KEY_UIApplicationSupportsIndirectInputEvents = YES;
				INFOPLIST_KEY_UILaunchScreen_Generation = YES;
				INFOPLIST_KEY_UISupportedInterfaceOrientations_iPad = "UIInterfaceOrientationPortrait UIInterfaceOrientationPortraitUpsideDown UIInterfaceOrientationLandscapeLeft UIInterfaceOrientationLandscapeRight";
				INFOPLIST_KEY_UISupportedInterfaceOrientations_iPhone = "UIInterfaceOrientationPortrait UIInterfaceOrientationLandscapeLeft UIInterfaceOrientationLandscapeRight";
				LD_RUNPATH_SEARCH_PATHS = (
					"$(inherited)",
					"@executable_path/Frameworks",
				);
				MARKETING_VERSION = 1.0;
				PRODUCT_BUNDLE_IDENTIFIER = com.benhuggins.MyContacts;
				PRODUCT_NAME = "$(TARGET_NAME)";
				SWIFT_EMIT_LOC_STRINGS = YES;
				SWIFT_VERSION = 5.0;
				TARGETED_DEVICE_FAMILY = "1,2";
			};
			name = Release;
		};
/* End XCBuildConfiguration section */

/* Begin XCConfigurationList section */
		F5DFB0FF2AD5B3D5003D8AFC /* Build configuration list for PBXProject "MyContacts" */ = {
			isa = XCConfigurationList;
			buildConfigurations = (
				F5DFB1102AD5B3D7003D8AFC /* Debug */,
				F5DFB1112AD5B3D7003D8AFC /* Release */,
			);
			defaultConfigurationIsVisible = 0;
			defaultConfigurationName = Release;
		};
		F5DFB1122AD5B3D7003D8AFC /* Build configuration list for PBXNativeTarget "MyContacts" */ = {
			isa = XCConfigurationList;
			buildConfigurations = (
				F5DFB1132AD5B3D7003D8AFC /* Debug */,
				F5DFB1142AD5B3D7003D8AFC /* Release */,
			);
			defaultConfigurationIsVisible = 0;
			defaultConfigurationName = Release;
		};
/* End XCConfigurationList section */

/* Begin XCVersionGroup section */
		F5DFB1152AD5B742003D8AFC /* MyContactsDataModel.xcdatamodeld */ = {
			isa = XCVersionGroup;
			children = (
				F5DFB1162AD5B742003D8AFC /* MyContactsDataModel.xcdatamodel */,
			);
			currentVersion = F5DFB1162AD5B742003D8AFC /* MyContactsDataModel.xcdatamodel */;
			path = MyContactsDataModel.xcdatamodeld;
			sourceTree = "<group>";
			versionGroupType = wrapper.xcdatamodel;
		};
/* End XCVersionGroup section */
	};
	rootObject = F5DFB0FC2AD5B3D5003D8AFC /* Project object */;
}
